
Microsoft Visual Studio Solution File, Format Version 12.00
# Visual Studio Version 16
VisualStudioVersion = 16.0.29911.84
MinimumVisualStudioVersion = 10.0.40219.1
Project("{9A19103F-16F7-4668-BE54-9A1E7A4F7556}") = "Libmirobot", "Libmirobot\Libmirobot.csproj", "{556EE7A8-E00C-4FF6-B579-6A6F817D6069}"
EndProject
Project("{FAE04EC0-301F-11D3-BF4B-00C04F79EFBC}") = "libmirobotTests", "libmirobotTests\libmirobotTests.csproj", "{1A02D3CD-24B5-4D91-9F67-415880E45994}"
EndProject
Global
	GlobalSection(SolutionConfigurationPlatforms) = preSolution
		Debug|Any CPU = Debug|Any CPU
		Release|Any CPU = Release|Any CPU
	EndGlobalSection
	GlobalSection(ProjectConfigurationPlatforms) = postSolution
		{556EE7A8-E00C-4FF6-B579-6A6F817D6069}.Debug|Any CPU.ActiveCfg = Debug|Any CPU
		{556EE7A8-E00C-4FF6-B579-6A6F817D6069}.Debug|Any CPU.Build.0 = Debug|Any CPU
		{556EE7A8-E00C-4FF6-B579-6A6F817D6069}.Release|Any CPU.ActiveCfg = Release|Any CPU
		{556EE7A8-E00C-4FF6-B579-6A6F817D6069}.Release|Any CPU.Build.0 = Release|Any CPU
		{1A02D3CD-24B5-4D91-9F67-415880E45994}.Debug|Any CPU.ActiveCfg = Debug|Any CPU
		{1A02D3CD-24B5-4D91-9F67-415880E45994}.Debug|Any CPU.Build.0 = Debug|Any CPU
		{1A02D3CD-24B5-4D91-9F67-415880E45994}.Release|Any CPU.ActiveCfg = Release|Any CPU
		{1A02D3CD-24B5-4D91-9F67-415880E45994}.Release|Any CPU.Build.0 = Release|Any CPU
	EndGlobalSection
	GlobalSection(SolutionProperties) = preSolution
		HideSolutionNode = FALSE
	EndGlobalSection
	GlobalSection(ExtensibilityGlobals) = postSolution
		SolutionGuid = {3BEFBD91-963F-4255-81FA-33EA3EBDC9B0}
	EndGlobalSection
EndGlobal
